
Microsoft Visual Studio Solution File, Format Version 12.00
# Visual Studio Version 16
VisualStudioVersion = 16.0.30517.126
MinimumVisualStudioVersion = 10.0.40219.1
Project("{9A19103F-16F7-4668-BE54-9A1E7A4F7556}") = "MassTransitConsumerSaga", "MassTransitConsumerSaga\MassTransitConsumerSaga.csproj", "{1C800885-2D99-4112-9F95-F8B92C09649B}"
EndProject
Project("{9A19103F-16F7-4668-BE54-9A1E7A4F7556}") = "MassTransitSaga", "MassTransitSaga\MassTransitSaga.csproj", "{EDFFCC91-4ECF-4305-A004-883B921CF8E8}"
EndProject
Global
	GlobalSection(SolutionConfigurationPlatforms) = preSolution
		Debug|Any CPU = Debug|Any CPU
		Release|Any CPU = Release|Any CPU
	EndGlobalSection
	GlobalSection(ProjectConfigurationPlatforms) = postSolution
		{1C800885-2D99-4112-9F95-F8B92C09649B}.Debug|Any CPU.ActiveCfg = Debug|Any CPU
		{1C800885-2D99-4112-9F95-F8B92C09649B}.Debug|Any CPU.Build.0 = Debug|Any CPU
		{1C800885-2D99-4112-9F95-F8B92C09649B}.Release|Any CPU.ActiveCfg = Release|Any CPU
		{1C800885-2D99-4112-9F95-F8B92C09649B}.Release|Any CPU.Build.0 = Release|Any CPU
		{EDFFCC91-4ECF-4305-A004-883B921CF8E8}.Debug|Any CPU.ActiveCfg = Debug|Any CPU
		{EDFFCC91-4ECF-4305-A004-883B921CF8E8}.Debug|Any CPU.Build.0 = Debug|Any CPU
		{EDFFCC91-4ECF-4305-A004-883B921CF8E8}.Release|Any CPU.ActiveCfg = Release|Any CPU
		{EDFFCC91-4ECF-4305-A004-883B921CF8E8}.Release|Any CPU.Build.0 = Release|Any CPU
	EndGlobalSection
	GlobalSection(SolutionProperties) = preSolution
		HideSolutionNode = FALSE
	EndGlobalSection
	GlobalSection(ExtensibilityGlobals) = postSolution
		SolutionGuid = {17B44980-3E78-4D5E-AC15-EFAF37FCA984}
	EndGlobalSection
EndGlobal
